
Microsoft Visual Studio Solution File, Format Version 12.00
# Visual Studio Version 17
VisualStudioVersion = 17.11.35103.136
MinimumVisualStudioVersion = 10.0.40219.1
Project("{FAE04EC0-301F-11D3-BF4B-00C04F79EFBC}") = "BulkyWeb", "BulkyWeb\BulkyWeb.csproj", "{198F86F9-80B3-4592-9D74-B42A861C8353}"
EndProject
Global
	GlobalSection(SolutionConfigurationPlatforms) = preSolution
		Debug|Any CPU = Debug|Any CPU
		Release|Any CPU = Release|Any CPU
	EndGlobalSection
	GlobalSection(ProjectConfigurationPlatforms) = postSolution
		{198F86F9-80B3-4592-9D74-B42A861C8353}.Debug|Any CPU.ActiveCfg = Debug|Any CPU
		{198F86F9-80B3-4592-9D74-B42A861C8353}.Debug|Any CPU.Build.0 = Debug|Any CPU
		{198F86F9-80B3-4592-9D74-B42A861C8353}.Release|Any CPU.ActiveCfg = Release|Any CPU
		{198F86F9-80B3-4592-9D74-B42A861C8353}.Release|Any CPU.Build.0 = Release|Any CPU
	EndGlobalSection
	GlobalSection(SolutionProperties) = preSolution
		HideSolutionNode = FALSE
	EndGlobalSection
	GlobalSection(ExtensibilityGlobals) = postSolution
		SolutionGuid = {57BB1175-7A3D-414F-88F9-59CB1CEE38C2}
	EndGlobalSection
EndGlobal
